
Microsoft Visual Studio Solution File, Format Version 12.00
# Visual Studio Version 17
VisualStudioVersion = 17.7.34221.43
MinimumVisualStudioVersion = 10.0.40219.1
Project("{FAE04EC0-301F-11D3-BF4B-00C04F79EFBC}") = "WinForms_Task2", "WinForms_Task2\WinForms_Task2.csproj", "{0FD77F69-FF5E-4EB6-9179-A37698AFBC00}"
EndProject
Global
	GlobalSection(SolutionConfigurationPlatforms) = preSolution
		Debug|Any CPU = Debug|Any CPU
		Release|Any CPU = Release|Any CPU
	EndGlobalSection
	GlobalSection(ProjectConfigurationPlatforms) = postSolution
		{0FD77F69-FF5E-4EB6-9179-A37698AFBC00}.Debug|Any CPU.ActiveCfg = Debug|Any CPU
		{0FD77F69-FF5E-4EB6-9179-A37698AFBC00}.Debug|Any CPU.Build.0 = Debug|Any CPU
		{0FD77F69-FF5E-4EB6-9179-A37698AFBC00}.Release|Any CPU.ActiveCfg = Release|Any CPU
		{0FD77F69-FF5E-4EB6-9179-A37698AFBC00}.Release|Any CPU.Build.0 = Release|Any CPU
	EndGlobalSection
	GlobalSection(SolutionProperties) = preSolution
		HideSolutionNode = FALSE
	EndGlobalSection
	GlobalSection(ExtensibilityGlobals) = postSolution
		SolutionGuid = {82F5AFAE-C770-4242-BE71-2CA3E6A9350E}
	EndGlobalSection
EndGlobal
